PODS:
  - UserClickMonitor (1.4.0)

DEPENDENCIES:
  - "UserClickMonitor (from `git@github.com:khyatimirani/UserClickMonitor.git`)"

EXTERNAL SOURCES:
  UserClickMonitor:
    :git: "git@github.com:khyatimirani/UserClickMonitor.git"

CHECKOUT OPTIONS:
  UserClickMonitor:
    :commit: 94c666d341aca90064b1e6ab86e4af1f1b5d999e
    :git: "git@github.com:khyatimirani/UserClickMonitor.git"

SPEC CHECKSUMS:
  UserClickMonitor: 577e706e7916e5089b150897cfe664e2e5e44b3a

PODFILE CHECKSUM: 750314c78b4292bdc83fa871da022c1bf75267ef

COCOAPODS: 1.12.1
