PODS:
  - UserClickMonitor (1.1.0)

DEPENDENCIES:
  - "UserClickMonitor (from `git@github.com:khyatimirani/UserClickMonitor.git`)"

EXTERNAL SOURCES:
  UserClickMonitor:
    :git: "git@github.com:khyatimirani/UserClickMonitor.git"

CHECKOUT OPTIONS:
  UserClickMonitor:
    :commit: e995bc0643a8d6901d73cbd802fdd14fcce78cc5
    :git: "git@github.com:khyatimirani/UserClickMonitor.git"

SPEC CHECKSUMS:
  UserClickMonitor: 246f0a4012fafb2d515d1381d06d5982412f00ad

PODFILE CHECKSUM: 750314c78b4292bdc83fa871da022c1bf75267ef

COCOAPODS: 1.12.1
