PODS:
  - UserClickMonitor (1.0.1)

DEPENDENCIES:
  - "UserClickMonitor (from `git@github.com:khyatimirani/UserClickMonitor.git`)"

EXTERNAL SOURCES:
  UserClickMonitor:
    :git: "git@github.com:khyatimirani/UserClickMonitor.git"

CHECKOUT OPTIONS:
  UserClickMonitor:
    :commit: cc6c54261f2d78d4bc5aec2b9ea89951b0a4547b
    :git: "git@github.com:khyatimirani/UserClickMonitor.git"

SPEC CHECKSUMS:
  UserClickMonitor: f6f1d93871a7b02a3c51132dcff2915e57e52690

PODFILE CHECKSUM: 750314c78b4292bdc83fa871da022c1bf75267ef

COCOAPODS: 1.12.1
