// !$*UTF8*$!
{
	archiveVersion = 1;
	classes = {
	};
	objectVersion = 55;
	objects = {

/* Begin PBXBuildFile section */
		56554628A98A24B25DECE26B /* Pods_DemoAppForUserClickMonitor.framework in Frameworks */ = {isa = PBXBuildFile; fileRef = E58E52C1A0BE7ED5D0B31D97 /* Pods_DemoAppForUserClickMonitor.framework */; };
		77048AA04119BC8321048D45 /* Pods_DemoAppForUserClickMonitor_DemoAppForUserClickMonitorUITests.framework in Frameworks */ = {isa = PBXBuildFile; fileRef = F13C3F2751E5D3828DD1132A /* Pods_DemoAppForUserClickMonitor_DemoAppForUserClickMonitorUITests.framework */; };
		C962E25B2A0FADAB009CDB2D /* DemoAppForUserClickMonitorApp.swift in Sources */ = {isa = PBXBuildFile; fileRef = C962E25A2A0FADAB009CDB2D /* DemoAppForUserClickMonitorApp.swift */; };
		C962E25D2A0FADAB009CDB2D /* ContentView.swift in Sources */ = {isa = PBXBuildFile; fileRef = C962E25C2A0FADAB009CDB2D /* ContentView.swift */; };
		C962E25F2A0FADAF009CDB2D /* Assets.xcassets in Resources */ = {isa = PBXBuildFile; fileRef = C962E25E2A0FADAF009CDB2D /* Assets.xcassets */; };
		C962E2622A0FADAF009CDB2D /* Preview Assets.xcassets in Resources */ = {isa = PBXBuildFile; fileRef = C962E2612A0FADAF009CDB2D /* Preview Assets.xcassets */; };
		C962E26C2A0FADAF009CDB2D /* DemoAppForUserClickMonitorTests.swift in Sources */ = {isa = PBXBuildFile; fileRef = C962E26B2A0FADAF009CDB2D /* DemoAppForUserClickMonitorTests.swift */; };
		C962E2762A0FADAF009CDB2D /* DemoAppForUserClickMonitorUITests.swift in Sources */ = {isa = PBXBuildFile; fileRef = C962E2752A0FADAF009CDB2D /* DemoAppForUserClickMonitorUITests.swift */; };
		C962E2782A0FADAF009CDB2D /* DemoAppForUserClickMonitorUITestsLaunchTests.swift in Sources */ = {isa = PBXBuildFile; fileRef = C962E2772A0FADAF009CDB2D /* DemoAppForUserClickMonitorUITestsLaunchTests.swift */; };
		C9FBCAF42A10D06200EF84B3 /* ContentViewViewModel.swift in Sources */ = {isa = PBXBuildFile; fileRef = C9FBCAF32A10D06200EF84B3 /* ContentViewViewModel.swift */; };
		C9FBCAF62A11057800EF84B3 /* ContentViewViewModelTest.swift in Sources */ = {isa = PBXBuildFile; fileRef = C9FBCAF52A11057800EF84B3 /* ContentViewViewModelTest.swift */; };
		C9FBCAF72A11070900EF84B3 /* ContentViewViewModel.swift in Sources */ = {isa = PBXBuildFile; fileRef = C9FBCAF32A10D06200EF84B3 /* ContentViewViewModel.swift */; };
		DE3E8AFD40C53CF685608CA3 /* Pods_DemoAppForUserClickMonitorTests.framework in Frameworks */ = {isa = PBXBuildFile; fileRef = 9BDCFC88E48E5EE311244E75 /* Pods_DemoAppForUserClickMonitorTests.framework */; };
/* End PBXBuildFile section */

/* Begin PBXContainerItemProxy section */
		C962E2682A0FADAF009CDB2D /* PBXContainerItemProxy */ = {
			isa = PBXContainerItemProxy;
			containerPortal = C962E24F2A0FADAB009CDB2D /* Project object */;
			proxyType = 1;
			remoteGlobalIDString = C962E2562A0FADAB009CDB2D;
			remoteInfo = DemoAppForUserClickMonitor;
		};
		C962E2722A0FADAF009CDB2D /* PBXContainerItemProxy */ = {
			isa = PBXContainerItemProxy;
			containerPortal = C962E24F2A0FADAB009CDB2D /* Project object */;
			proxyType = 1;
			remoteGlobalIDString = C962E2562A0FADAB009CDB2D;
			remoteInfo = DemoAppForUserClickMonitor;
		};
/* End PBXContainerItemProxy section */

/* Begin PBXFileReference section */
		0808E4BF451D6CF82849BD63 /* Pods-DemoAppForUserClickMonitorTests.debug.xcconfig */ = {isa = PBXFileReference; includeInIndex = 1; lastKnownFileType = text.xcconfig; name = "Pods-DemoAppForUserClickMonitorTests.debug.xcconfig"; path = "Target Support Files/Pods-DemoAppForUserClickMonitorTests/Pods-DemoAppForUserClickMonitorTests.debug.xcconfig"; sourceTree = "<group>"; };
		0FA68264E808F5811B4DB829 /* Pods-DemoAppForUserClickMonitor.debug.xcconfig */ = {isa = PBXFileReference; includeInIndex = 1; lastKnownFileType = text.xcconfig; name = "Pods-DemoAppForUserClickMonitor.debug.xcconfig"; path = "Target Support Files/Pods-DemoAppForUserClickMonitor/Pods-DemoAppForUserClickMonitor.debug.xcconfig"; sourceTree = "<group>"; };
		2843452A6A9A15D20F227903 /* Pods-DemoAppForUserClickMonitor.release.xcconfig */ = {isa = PBXFileReference; includeInIndex = 1; lastKnownFileType = text.xcconfig; name = "Pods-DemoAppForUserClickMonitor.release.xcconfig"; path = "Target Support Files/Pods-DemoAppForUserClickMonitor/Pods-DemoAppForUserClickMonitor.release.xcconfig"; sourceTree = "<group>"; };
		287409C6086D93D18215B2C7 /* Pods-DemoAppForUserClickMonitor-DemoAppForUserClickMonitorUITests.debug.xcconfig */ = {isa = PBXFileReference; includeInIndex = 1; lastKnownFileType = text.xcconfig; name = "Pods-DemoAppForUserClickMonitor-DemoAppForUserClickMonitorUITests.debug.xcconfig"; path = "Target Support Files/Pods-DemoAppForUserClickMonitor-DemoAppForUserClickMonitorUITests/Pods-DemoAppForUserClickMonitor-DemoAppForUserClickMonitorUITests.debug.xcconfig"; sourceTree = "<group>"; };
		9BDCFC88E48E5EE311244E75 /* Pods_DemoAppForUserClickMonitorTests.framework */ = {isa = PBXFileReference; explicitFileType = wrapper.framework; includeInIndex = 0; path = Pods_DemoAppForUserClickMonitorTests.framework; sourceTree = BUILT_PRODUCTS_DIR; };
		C493563C3935C06330EE2058 /* Pods-DemoAppForUserClickMonitorTests.release.xcconfig */ = {isa = PBXFileReference; includeInIndex = 1; lastKnownFileType = text.xcconfig; name = "Pods-DemoAppForUserClickMonitorTests.release.xcconfig"; path = "Target Support Files/Pods-DemoAppForUserClickMonitorTests/Pods-DemoAppForUserClickMonitorTests.release.xcconfig"; sourceTree = "<group>"; };
		C962E2572A0FADAB009CDB2D /* DemoAppForUserClickMonitor.app */ = {isa = PBXFileReference; explicitFileType = wrapper.application; includeInIndex = 0; path = DemoAppForUserClickMonitor.app; sourceTree = BUILT_PRODUCTS_DIR; };
		C962E25A2A0FADAB009CDB2D /* DemoAppForUserClickMonitorApp.swift */ = {isa = PBXFileReference; lastKnownFileType = sourcecode.swift; path = DemoAppForUserClickMonitorApp.swift; sourceTree = "<group>"; };
		C962E25C2A0FADAB009CDB2D /* ContentView.swift */ = {isa = PBXFileReference; lastKnownFileType = sourcecode.swift; path = ContentView.swift; sourceTree = "<group>"; };
		C962E25E2A0FADAF009CDB2D /* Assets.xcassets */ = {isa = PBXFileReference; lastKnownFileType = folder.assetcatalog; path = Assets.xcassets; sourceTree = "<group>"; };
		C962E2612A0FADAF009CDB2D /* Preview Assets.xcassets */ = {isa = PBXFileReference; lastKnownFileType = folder.assetcatalog; path = "Preview Assets.xcassets"; sourceTree = "<group>"; };
		C962E2672A0FADAF009CDB2D /* DemoAppForUserClickMonitorTests.xctest */ = {isa = PBXFileReference; explicitFileType = wrapper.cfbundle; includeInIndex = 0; path = DemoAppForUserClickMonitorTests.xctest; sourceTree = BUILT_PRODUCTS_DIR; };
		C962E26B2A0FADAF009CDB2D /* DemoAppForUserClickMonitorTests.swift */ = {isa = PBXFileReference; lastKnownFileType = sourcecode.swift; path = DemoAppForUserClickMonitorTests.swift; sourceTree = "<group>"; };
		C962E2712A0FADAF009CDB2D /* DemoAppForUserClickMonitorUITests.xctest */ = {isa = PBXFileReference; explicitFileType = wrapper.cfbundle; includeInIndex = 0; path = DemoAppForUserClickMonitorUITests.xctest; sourceTree = BUILT_PRODUCTS_DIR; };
		C962E2752A0FADAF009CDB2D /* DemoAppForUserClickMonitorUITests.swift */ = {isa = PBXFileReference; lastKnownFileType = sourcecode.swift; path = DemoAppForUserClickMonitorUITests.swift; sourceTree = "<group>"; };
		C962E2772A0FADAF009CDB2D /* DemoAppForUserClickMonitorUITestsLaunchTests.swift */ = {isa = PBXFileReference; lastKnownFileType = sourcecode.swift; path = DemoAppForUserClickMonitorUITestsLaunchTests.swift; sourceTree = "<group>"; };
		C9FBCAF32A10D06200EF84B3 /* ContentViewViewModel.swift */ = {isa = PBXFileReference; lastKnownFileType = sourcecode.swift; path = ContentViewViewModel.swift; sourceTree = "<group>"; };
		C9FBCAF52A11057800EF84B3 /* ContentViewViewModelTest.swift */ = {isa = PBXFileReference; lastKnownFileType = sourcecode.swift; path = ContentViewViewModelTest.swift; sourceTree = "<group>"; };
		E58E52C1A0BE7ED5D0B31D97 /* Pods_DemoAppForUserClickMonitor.framework */ = {isa = PBXFileReference; explicitFileType = wrapper.framework; includeInIndex = 0; path = Pods_DemoAppForUserClickMonitor.framework; sourceTree = BUILT_PRODUCTS_DIR; };
		F13C3F2751E5D3828DD1132A /* Pods_DemoAppForUserClickMonitor_DemoAppForUserClickMonitorUITests.framework */ = {isa = PBXFileReference; explicitFileType = wrapper.framework; includeInIndex = 0; path = Pods_DemoAppForUserClickMonitor_DemoAppForUserClickMonitorUITests.framework; sourceTree = BUILT_PRODUCTS_DIR; };
		F1CF0B917D26901BC37C7C0D /* Pods-DemoAppForUserClickMonitor-DemoAppForUserClickMonitorUITests.release.xcconfig */ = {isa = PBXFileReference; includeInIndex = 1; lastKnownFileType = text.xcconfig; name = "Pods-DemoAppForUserClickMonitor-DemoAppForUserClickMonitorUITests.release.xcconfig"; path = "Target Support Files/Pods-DemoAppForUserClickMonitor-DemoAppForUserClickMonitorUITests/Pods-DemoAppForUserClickMonitor-DemoAppForUserClickMonitorUITests.release.xcconfig"; sourceTree = "<group>"; };
/* End PBXFileReference section */

/* Begin PBXFrameworksBuildPhase section */
		C962E2542A0FADAB009CDB2D /* Frameworks */ = {
			isa = PBXFrameworksBuildPhase;
			buildActionMask = 2147483647;
			files = (
				56554628A98A24B25DECE26B /* Pods_DemoAppForUserClickMonitor.framework in Frameworks */,
			);
			runOnlyForDeploymentPostprocessing = 0;
		};
		C962E2642A0FADAF009CDB2D /* Frameworks */ = {
			isa = PBXFrameworksBuildPhase;
			buildActionMask = 2147483647;
			files = (
				DE3E8AFD40C53CF685608CA3 /* Pods_DemoAppForUserClickMonitorTests.framework in Frameworks */,
			);
			runOnlyForDeploymentPostprocessing = 0;
		};
		C962E26E2A0FADAF009CDB2D /* Frameworks */ = {
			isa = PBXFrameworksBuildPhase;
			buildActionMask = 2147483647;
			files = (
				77048AA04119BC8321048D45 /* Pods_DemoAppForUserClickMonitor_DemoAppForUserClickMonitorUITests.framework in Frameworks */,
			);
			runOnlyForDeploymentPostprocessing = 0;
		};
/* End PBXFrameworksBuildPhase section */

/* Begin PBXGroup section */
		16C99C927B1D5801D31CCDC3 /* Pods */ = {
			isa = PBXGroup;
			children = (
				0FA68264E808F5811B4DB829 /* Pods-DemoAppForUserClickMonitor.debug.xcconfig */,
				2843452A6A9A15D20F227903 /* Pods-DemoAppForUserClickMonitor.release.xcconfig */,
				287409C6086D93D18215B2C7 /* Pods-DemoAppForUserClickMonitor-DemoAppForUserClickMonitorUITests.debug.xcconfig */,
				F1CF0B917D26901BC37C7C0D /* Pods-DemoAppForUserClickMonitor-DemoAppForUserClickMonitorUITests.release.xcconfig */,
				0808E4BF451D6CF82849BD63 /* Pods-DemoAppForUserClickMonitorTests.debug.xcconfig */,
				C493563C3935C06330EE2058 /* Pods-DemoAppForUserClickMonitorTests.release.xcconfig */,
			);
			path = Pods;
			sourceTree = "<group>";
		};
		C962E24E2A0FADAB009CDB2D = {
			isa = PBXGroup;
			children = (
				C962E2592A0FADAB009CDB2D /* DemoAppForUserClickMonitor */,
				C962E26A2A0FADAF009CDB2D /* DemoAppForUserClickMonitorTests */,
				C962E2742A0FADAF009CDB2D /* DemoAppForUserClickMonitorUITests */,
				C962E2582A0FADAB009CDB2D /* Products */,
				16C99C927B1D5801D31CCDC3 /* Pods */,
				EB4CDF39BE3573A2A9DF709F /* Frameworks */,
			);
			sourceTree = "<group>";
		};
		C962E2582A0FADAB009CDB2D /* Products */ = {
			isa = PBXGroup;
			children = (
				C962E2572A0FADAB009CDB2D /* DemoAppForUserClickMonitor.app */,
				C962E2672A0FADAF009CDB2D /* DemoAppForUserClickMonitorTests.xctest */,
				C962E2712A0FADAF009CDB2D /* DemoAppForUserClickMonitorUITests.xctest */,
			);
			name = Products;
			sourceTree = "<group>";
		};
		C962E2592A0FADAB009CDB2D /* DemoAppForUserClickMonitor */ = {
			isa = PBXGroup;
			children = (
				C962E25A2A0FADAB009CDB2D /* DemoAppForUserClickMonitorApp.swift */,
				C9FBCAF32A10D06200EF84B3 /* ContentViewViewModel.swift */,
				C962E25C2A0FADAB009CDB2D /* ContentView.swift */,
				C962E25E2A0FADAF009CDB2D /* Assets.xcassets */,
				C962E2602A0FADAF009CDB2D /* Preview Content */,
			);
			path = DemoAppForUserClickMonitor;
			sourceTree = "<group>";
		};
		C962E2602A0FADAF009CDB2D /* Preview Content */ = {
			isa = PBXGroup;
			children = (
				C962E2612A0FADAF009CDB2D /* Preview Assets.xcassets */,
			);
			path = "Preview Content";
			sourceTree = "<group>";
		};
		C962E26A2A0FADAF009CDB2D /* DemoAppForUserClickMonitorTests */ = {
			isa = PBXGroup;
			children = (
				C962E26B2A0FADAF009CDB2D /* DemoAppForUserClickMonitorTests.swift */,
				C9FBCAF52A11057800EF84B3 /* ContentViewViewModelTest.swift */,
			);
			path = DemoAppForUserClickMonitorTests;
			sourceTree = "<group>";
		};
		C962E2742A0FADAF009CDB2D /* DemoAppForUserClickMonitorUITests */ = {
			isa = PBXGroup;
			children = (
				C962E2752A0FADAF009CDB2D /* DemoAppForUserClickMonitorUITests.swift */,
				C962E2772A0FADAF009CDB2D /* DemoAppForUserClickMonitorUITestsLaunchTests.swift */,
			);
			path = DemoAppForUserClickMonitorUITests;
			sourceTree = "<group>";
		};
		EB4CDF39BE3573A2A9DF709F /* Frameworks */ = {
			isa = PBXGroup;
			children = (
				E58E52C1A0BE7ED5D0B31D97 /* Pods_DemoAppForUserClickMonitor.framework */,
				F13C3F2751E5D3828DD1132A /* Pods_DemoAppForUserClickMonitor_DemoAppForUserClickMonitorUITests.framework */,
				9BDCFC88E48E5EE311244E75 /* Pods_DemoAppForUserClickMonitorTests.framework */,
			);
			name = Frameworks;
			sourceTree = "<group>";
		};
/* End PBXGroup section */

/* Begin PBXNativeTarget section */
		C962E2562A0FADAB009CDB2D /* DemoAppForUserClickMonitor */ = {
			isa = PBXNativeTarget;
			buildConfigurationList = C962E27B2A0FADAF009CDB2D /* Build configuration list for PBXNativeTarget "DemoAppForUserClickMonitor" */;
			buildPhases = (
				EC290FA692300BF7BDFFF35E /* [CP] Check Pods Manifest.lock */,
				C962E2532A0FADAB009CDB2D /* Sources */,
				C962E2542A0FADAB009CDB2D /* Frameworks */,
				C962E2552A0FADAB009CDB2D /* Resources */,
				1EA2F414274AB71FDA6DC801 /* [CP] Embed Pods Frameworks */,
			);
			buildRules = (
			);
			dependencies = (
			);
			name = DemoAppForUserClickMonitor;
			productName = DemoAppForUserClickMonitor;
			productReference = C962E2572A0FADAB009CDB2D /* DemoAppForUserClickMonitor.app */;
			productType = "com.apple.product-type.application";
		};
		C962E2662A0FADAF009CDB2D /* DemoAppForUserClickMonitorTests */ = {
			isa = PBXNativeTarget;
			buildConfigurationList = C962E27E2A0FADAF009CDB2D /* Build configuration list for PBXNativeTarget "DemoAppForUserClickMonitorTests" */;
			buildPhases = (
				132A042F1C8932478EAD1862 /* [CP] Check Pods Manifest.lock */,
				C962E2632A0FADAF009CDB2D /* Sources */,
				C962E2642A0FADAF009CDB2D /* Frameworks */,
				C962E2652A0FADAF009CDB2D /* Resources */,
			);
			buildRules = (
			);
			dependencies = (
				C962E2692A0FADAF009CDB2D /* PBXTargetDependency */,
			);
			name = DemoAppForUserClickMonitorTests;
			productName = DemoAppForUserClickMonitorTests;
			productReference = C962E2672A0FADAF009CDB2D /* DemoAppForUserClickMonitorTests.xctest */;
			productType = "com.apple.product-type.bundle.unit-test";
		};
		C962E2702A0FADAF009CDB2D /* DemoAppForUserClickMonitorUITests */ = {
			isa = PBXNativeTarget;
			buildConfigurationList = C962E2812A0FADAF009CDB2D /* Build configuration list for PBXNativeTarget "DemoAppForUserClickMonitorUITests" */;
			buildPhases = (
				CB5E3AB9D1ECA9D65B1882D8 /* [CP] Check Pods Manifest.lock */,
				C962E26D2A0FADAF009CDB2D /* Sources */,
				C962E26E2A0FADAF009CDB2D /* Frameworks */,
				C962E26F2A0FADAF009CDB2D /* Resources */,
				C37877000CFF7C8FEE4D52DF /* [CP] Embed Pods Frameworks */,
			);
			buildRules = (
			);
			dependencies = (
				C962E2732A0FADAF009CDB2D /* PBXTargetDependency */,
			);
			name = DemoAppForUserClickMonitorUITests;
			productName = DemoAppForUserClickMonitorUITests;
			productReference = C962E2712A0FADAF009CDB2D /* DemoAppForUserClickMonitorUITests.xctest */;
			productType = "com.apple.product-type.bundle.ui-testing";
		};
/* End PBXNativeTarget section */

/* Begin PBXProject section */
		C962E24F2A0FADAB009CDB2D /* Project object */ = {
			isa = PBXProject;
			attributes = {
				BuildIndependentTargetsInParallel = 1;
				LastSwiftUpdateCheck = 1300;
				LastUpgradeCheck = 1300;
				TargetAttributes = {
					C962E2562A0FADAB009CDB2D = {
						CreatedOnToolsVersion = 13.0;
					};
					C962E2662A0FADAF009CDB2D = {
						CreatedOnToolsVersion = 13.0;
						TestTargetID = C962E2562A0FADAB009CDB2D;
					};
					C962E2702A0FADAF009CDB2D = {
						CreatedOnToolsVersion = 13.0;
						TestTargetID = C962E2562A0FADAB009CDB2D;
					};
				};
			};
			buildConfigurationList = C962E2522A0FADAB009CDB2D /* Build configuration list for PBXProject "DemoAppForUserClickMonitor" */;
			compatibilityVersion = "Xcode 13.0";
			developmentRegion = en;
			hasScannedForEncodings = 0;
			knownRegions = (
				en,
				Base,
			);
			mainGroup = C962E24E2A0FADAB009CDB2D;
			productRefGroup = C962E2582A0FADAB009CDB2D /* Products */;
			projectDirPath = "";
			projectRoot = "";
			targets = (
				C962E2562A0FADAB009CDB2D /* DemoAppForUserClickMonitor */,
				C962E2662A0FADAF009CDB2D /* DemoAppForUserClickMonitorTests */,
				C962E2702A0FADAF009CDB2D /* DemoAppForUserClickMonitorUITests */,
			);
		};
/* End PBXProject section */

/* Begin PBXResourcesBuildPhase section */
		C962E2552A0FADAB009CDB2D /* Resources */ = {
			isa = PBXResourcesBuildPhase;
			buildActionMask = 2147483647;
			files = (
				C962E2622A0FADAF009CDB2D /* Preview Assets.xcassets in Resources */,
				C962E25F2A0FADAF009CDB2D /* Assets.xcassets in Resources */,
			);
			runOnlyForDeploymentPostprocessing = 0;
		};
		C962E2652A0FADAF009CDB2D /* Resources */ = {
			isa = PBXResourcesBuildPhase;
			buildActionMask = 2147483647;
			files = (
			);
			runOnlyForDeploymentPostprocessing = 0;
		};
		C962E26F2A0FADAF009CDB2D /* Resources */ = {
			isa = PBXResourcesBuildPhase;
			buildActionMask = 2147483647;
			files = (
			);
			runOnlyForDeploymentPostprocessing = 0;
		};
/* End PBXResourcesBuildPhase section */

/* Begin PBXShellScriptBuildPhase section */
		132A042F1C8932478EAD1862 /* [CP] Check Pods Manifest.lock */ = {
			isa = PBXShellScriptBuildPhase;
			buildActionMask = 2147483647;
			files = (
			);
			inputFileListPaths = (
			);
			inputPaths = (
				"${PODS_PODFILE_DIR_PATH}/Podfile.lock",
				"${PODS_ROOT}/Manifest.lock",
			);
			name = "[CP] Check Pods Manifest.lock";
			outputFileListPaths = (
			);
			outputPaths = (
				"$(DERIVED_FILE_DIR)/Pods-DemoAppForUserClickMonitorTests-checkManifestLockResult.txt",
			);
			runOnlyForDeploymentPostprocessing = 0;
			shellPath = /bin/sh;
			shellScript = "diff \"${PODS_PODFILE_DIR_PATH}/Podfile.lock\" \"${PODS_ROOT}/Manifest.lock\" > /dev/null\nif [ $? != 0 ] ; then\n    # print error to STDERR\n    echo \"error: The sandbox is not in sync with the Podfile.lock. Run 'pod install' or update your CocoaPods installation.\" >&2\n    exit 1\nfi\n# This output is used by Xcode 'outputs' to avoid re-running this script phase.\necho \"SUCCESS\" > \"${SCRIPT_OUTPUT_FILE_0}\"\n";
			showEnvVarsInLog = 0;
		};
		1EA2F414274AB71FDA6DC801 /* [CP] Embed Pods Frameworks */ = {
			isa = PBXShellScriptBuildPhase;
			buildActionMask = 2147483647;
			files = (
			);
			inputFileListPaths = (
				"${PODS_ROOT}/Target Support Files/Pods-DemoAppForUserClickMonitor/Pods-DemoAppForUserClickMonitor-frameworks-${CONFIGURATION}-input-files.xcfilelist",
			);
			name = "[CP] Embed Pods Frameworks";
			outputFileListPaths = (
				"${PODS_ROOT}/Target Support Files/Pods-DemoAppForUserClickMonitor/Pods-DemoAppForUserClickMonitor-frameworks-${CONFIGURATION}-output-files.xcfilelist",
			);
			runOnlyForDeploymentPostprocessing = 0;
			shellPath = /bin/sh;
			shellScript = "\"${PODS_ROOT}/Target Support Files/Pods-DemoAppForUserClickMonitor/Pods-DemoAppForUserClickMonitor-frameworks.sh\"\n";
			showEnvVarsInLog = 0;
		};
		C37877000CFF7C8FEE4D52DF /* [CP] Embed Pods Frameworks */ = {
			isa = PBXShellScriptBuildPhase;
			buildActionMask = 2147483647;
			files = (
			);
			inputFileListPaths = (
				"${PODS_ROOT}/Target Support Files/Pods-DemoAppForUserClickMonitor-DemoAppForUserClickMonitorUITests/Pods-DemoAppForUserClickMonitor-DemoAppForUserClickMonitorUITests-frameworks-${CONFIGURATION}-input-files.xcfilelist",
			);
			name = "[CP] Embed Pods Frameworks";
			outputFileListPaths = (
				"${PODS_ROOT}/Target Support Files/Pods-DemoAppForUserClickMonitor-DemoAppForUserClickMonitorUITests/Pods-DemoAppForUserClickMonitor-DemoAppForUserClickMonitorUITests-frameworks-${CONFIGURATION}-output-files.xcfilelist",
			);
			runOnlyForDeploymentPostprocessing = 0;
			shellPath = /bin/sh;
			shellScript = "\"${PODS_ROOT}/Target Support Files/Pods-DemoAppForUserClickMonitor-DemoAppForUserClickMonitorUITests/Pods-DemoAppForUserClickMonitor-DemoAppForUserClickMonitorUITests-frameworks.sh\"\n";
			showEnvVarsInLog = 0;
		};
		CB5E3AB9D1ECA9D65B1882D8 /* [CP] Check Pods Manifest.lock */ = {
			isa = PBXShellScriptBuildPhase;
			buildActionMask = 2147483647;
			files = (
			);
			inputFileListPaths = (
			);
			inputPaths = (
				"${PODS_PODFILE_DIR_PATH}/Podfile.lock",
				"${PODS_ROOT}/Manifest.lock",
			);
			name = "[CP] Check Pods Manifest.lock";
			outputFileListPaths = (
			);
			outputPaths = (
				"$(DERIVED_FILE_DIR)/Pods-DemoAppForUserClickMonitor-DemoAppForUserClickMonitorUITests-checkManifestLockResult.txt",
			);
			runOnlyForDeploymentPostprocessing = 0;
			shellPath = /bin/sh;
			shellScript = "diff \"${PODS_PODFILE_DIR_PATH}/Podfile.lock\" \"${PODS_ROOT}/Manifest.lock\" > /dev/null\nif [ $? != 0 ] ; then\n    # print error to STDERR\n    echo \"error: The sandbox is not in sync with the Podfile.lock. Run 'pod install' or update your CocoaPods installation.\" >&2\n    exit 1\nfi\n# This output is used by Xcode 'outputs' to avoid re-running this script phase.\necho \"SUCCESS\" > \"${SCRIPT_OUTPUT_FILE_0}\"\n";
			showEnvVarsInLog = 0;
		};
		EC290FA692300BF7BDFFF35E /* [CP] Check Pods Manifest.lock */ = {
			isa = PBXShellScriptBuildPhase;
			buildActionMask = 2147483647;
			files = (
			);
			inputFileListPaths = (
			);
			inputPaths = (
				"${PODS_PODFILE_DIR_PATH}/Podfile.lock",
				"${PODS_ROOT}/Manifest.lock",
			);
			name = "[CP] Check Pods Manifest.lock";
			outputFileListPaths = (
			);
			outputPaths = (
				"$(DERIVED_FILE_DIR)/Pods-DemoAppForUserClickMonitor-checkManifestLockResult.txt",
			);
			runOnlyForDeploymentPostprocessing = 0;
			shellPath = /bin/sh;
			shellScript = "diff \"${PODS_PODFILE_DIR_PATH}/Podfile.lock\" \"${PODS_ROOT}/Manifest.lock\" > /dev/null\nif [ $? != 0 ] ; then\n    # print error to STDERR\n    echo \"error: The sandbox is not in sync with the Podfile.lock. Run 'pod install' or update your CocoaPods installation.\" >&2\n    exit 1\nfi\n# This output is used by Xcode 'outputs' to avoid re-running this script phase.\necho \"SUCCESS\" > \"${SCRIPT_OUTPUT_FILE_0}\"\n";
			showEnvVarsInLog = 0;
		};
/* End PBXShellScriptBuildPhase section */

/* Begin PBXSourcesBuildPhase section */
		C962E2532A0FADAB009CDB2D /* Sources */ = {
			isa = PBXSourcesBuildPhase;
			buildActionMask = 2147483647;
			files = (
				C962E25D2A0FADAB009CDB2D /* ContentView.swift in Sources */,
				C9FBCAF42A10D06200EF84B3 /* ContentViewViewModel.swift in Sources */,
				C962E25B2A0FADAB009CDB2D /* DemoAppForUserClickMonitorApp.swift in Sources */,
			);
			runOnlyForDeploymentPostprocessing = 0;
		};
		C962E2632A0FADAF009CDB2D /* Sources */ = {
			isa = PBXSourcesBuildPhase;
			buildActionMask = 2147483647;
			files = (
				C962E26C2A0FADAF009CDB2D /* DemoAppForUserClickMonitorTests.swift in Sources */,
				C9FBCAF62A11057800EF84B3 /* ContentViewViewModelTest.swift in Sources */,
				C9FBCAF72A11070900EF84B3 /* ContentViewViewModel.swift in Sources */,
			);
			runOnlyForDeploymentPostprocessing = 0;
		};
		C962E26D2A0FADAF009CDB2D /* Sources */ = {
			isa = PBXSourcesBuildPhase;
			buildActionMask = 2147483647;
			files = (
				C962E2782A0FADAF009CDB2D /* DemoAppForUserClickMonitorUITestsLaunchTests.swift in Sources */,
				C962E2762A0FADAF009CDB2D /* DemoAppForUserClickMonitorUITests.swift in Sources */,
			);
			runOnlyForDeploymentPostprocessing = 0;
		};
/* End PBXSourcesBuildPhase section */

/* Begin PBXTargetDependency section */
		C962E2692A0FADAF009CDB2D /* PBXTargetDependency */ = {
			isa = PBXTargetDependency;
			target = C962E2562A0FADAB009CDB2D /* DemoAppForUserClickMonitor */;
			targetProxy = C962E2682A0FADAF009CDB2D /* PBXContainerItemProxy */;
		};
		C962E2732A0FADAF009CDB2D /* PBXTargetDependency */ = {
			isa = PBXTargetDependency;
			target = C962E2562A0FADAB009CDB2D /* DemoAppForUserClickMonitor */;
			targetProxy = C962E2722A0FADAF009CDB2D /* PBXContainerItemProxy */;
		};
/* End PBXTargetDependency section */

/* Begin XCBuildConfiguration section */
		C962E2792A0FADAF009CDB2D /* Debug */ = {
			isa = XCBuildConfiguration;
			buildSettings = {
				ALWAYS_SEARCH_USER_PATHS = NO;
				CLANG_ANALYZER_NONNULL = YES;
				CLANG_ANALYZER_NUMBER_OBJECT_CONVERSION = YES_AGGRESSIVE;
				CLANG_CXX_LANGUAGE_STANDARD = "gnu++17";
				CLANG_CXX_LIBRARY = "libc++";
				CLANG_ENABLE_MODULES = YES;
				CLANG_ENABLE_OBJC_ARC = YES;
				CLANG_ENABLE_OBJC_WEAK = YES;
				CLANG_WARN_BLOCK_CAPTURE_AUTORELEASING = YES;
				CLANG_WARN_BOOL_CONVERSION = YES;
				CLANG_WARN_COMMA = YES;
				CLANG_WARN_CONSTANT_CONVERSION = YES;
				CLANG_WARN_DEPRECATED_OBJC_IMPLEMENTATIONS = YES;
				CLANG_WARN_DIRECT_OBJC_ISA_USAGE = YES_ERROR;
				CLANG_WARN_DOCUMENTATION_COMMENTS = YES;
				CLANG_WARN_EMPTY_BODY = YES;
				CLANG_WARN_ENUM_CONVERSION = YES;
				CLANG_WARN_INFINITE_RECURSION = YES;
				CLANG_WARN_INT_CONVERSION = YES;
				CLANG_WARN_NON_LITERAL_NULL_CONVERSION = YES;
				CLANG_WARN_OBJC_IMPLICIT_RETAIN_SELF = YES;
				CLANG_WARN_OBJC_LITERAL_CONVERSION = YES;
				CLANG_WARN_OBJC_ROOT_CLASS = YES_ERROR;
				CLANG_WARN_QUOTED_INCLUDE_IN_FRAMEWORK_HEADER = YES;
				CLANG_WARN_RANGE_LOOP_ANALYSIS = YES;
				CLANG_WARN_STRICT_PROTOTYPES = YES;
				CLANG_WARN_SUSPICIOUS_MOVE = YES;
				CLANG_WARN_UNGUARDED_AVAILABILITY = YES_AGGRESSIVE;
				CLANG_WARN_UNREACHABLE_CODE = YES;
				CLANG_WARN__DUPLICATE_METHOD_MATCH = YES;
				COPY_PHASE_STRIP = NO;
				DEBUG_INFORMATION_FORMAT = dwarf;
				ENABLE_STRICT_OBJC_MSGSEND = YES;
				ENABLE_TESTABILITY = YES;
				GCC_C_LANGUAGE_STANDARD = gnu11;
				GCC_DYNAMIC_NO_PIC = NO;
				GCC_NO_COMMON_BLOCKS = YES;
				GCC_OPTIMIZATION_LEVEL = 0;
				GCC_PREPROCESSOR_DEFINITIONS = (
					"DEBUG=1",
					"$(inherited)",
				);
				GCC_WARN_64_TO_32_BIT_CONVERSION = YES;
				GCC_WARN_ABOUT_RETURN_TYPE = YES_ERROR;
				GCC_WARN_UNDECLARED_SELECTOR = YES;
				GCC_WARN_UNINITIALIZED_AUTOS = YES_AGGRESSIVE;
				GCC_WARN_UNUSED_FUNCTION = YES;
				GCC_WARN_UNUSED_VARIABLE = YES;
				IPHONEOS_DEPLOYMENT_TARGET = 15.0;
				MTL_ENABLE_DEBUG_INFO = INCLUDE_SOURCE;
				MTL_FAST_MATH = YES;
				ONLY_ACTIVE_ARCH = YES;
				SDKROOT = iphoneos;
				SWIFT_ACTIVE_COMPILATION_CONDITIONS = DEBUG;
				SWIFT_OPTIMIZATION_LEVEL = "-Onone";
			};
			name = Debug;
		};
		C962E27A2A0FADAF009CDB2D /* Release */ = {
			isa = XCBuildConfiguration;
			buildSettings = {
				ALWAYS_SEARCH_USER_PATHS = NO;
				CLANG_ANALYZER_NONNULL = YES;
				CLANG_ANALYZER_NUMBER_OBJECT_CONVERSION = YES_AGGRESSIVE;
				CLANG_CXX_LANGUAGE_STANDARD = "gnu++17";
				CLANG_CXX_LIBRARY = "libc++";
				CLANG_ENABLE_MODULES = YES;
				CLANG_ENABLE_OBJC_ARC = YES;
				CLANG_ENABLE_OBJC_WEAK = YES;
				CLANG_WARN_BLOCK_CAPTURE_AUTORELEASING = YES;
				CLANG_WARN_BOOL_CONVERSION = YES;
				CLANG_WARN_COMMA = YES;
				CLANG_WARN_CONSTANT_CONVERSION = YES;
				CLANG_WARN_DEPRECATED_OBJC_IMPLEMENTATIONS = YES;
				CLANG_WARN_DIRECT_OBJC_ISA_USAGE = YES_ERROR;
				CLANG_WARN_DOCUMENTATION_COMMENTS = YES;
				CLANG_WARN_EMPTY_BODY = YES;
				CLANG_WARN_ENUM_CONVERSION = YES;
				CLANG_WARN_INFINITE_RECURSION = YES;
				CLANG_WARN_INT_CONVERSION = YES;
				CLANG_WARN_NON_LITERAL_NULL_CONVERSION = YES;
				CLANG_WARN_OBJC_IMPLICIT_RETAIN_SELF = YES;
				CLANG_WARN_OBJC_LITERAL_CONVERSION = YES;
				CLANG_WARN_OBJC_ROOT_CLASS = YES_ERROR;
				CLANG_WARN_QUOTED_INCLUDE_IN_FRAMEWORK_HEADER = YES;
				CLANG_WARN_RANGE_LOOP_ANALYSIS = YES;
				CLANG_WARN_STRICT_PROTOTYPES = YES;
				CLANG_WARN_SUSPICIOUS_MOVE = YES;
				CLANG_WARN_UNGUARDED_AVAILABILITY = YES_AGGRESSIVE;
				CLANG_WARN_UNREACHABLE_CODE = YES;
				CLANG_WARN__DUPLICATE_METHOD_MATCH = YES;
				COPY_PHASE_STRIP = NO;
				DEBUG_INFORMATION_FORMAT = "dwarf-with-dsym";
				ENABLE_NS_ASSERTIONS = NO;
				ENABLE_STRICT_OBJC_MSGSEND = YES;
				GCC_C_LANGUAGE_STANDARD = gnu11;
				GCC_NO_COMMON_BLOCKS = YES;
				GCC_WARN_64_TO_32_BIT_CONVERSION = YES;
				GCC_WARN_ABOUT_RETURN_TYPE = YES_ERROR;
				GCC_WARN_UNDECLARED_SELECTOR = YES;
				GCC_WARN_UNINITIALIZED_AUTOS = YES_AGGRESSIVE;
				GCC_WARN_UNUSED_FUNCTION = YES;
				GCC_WARN_UNUSED_VARIABLE = YES;
				IPHONEOS_DEPLOYMENT_TARGET = 15.0;
				MTL_ENABLE_DEBUG_INFO = NO;
				MTL_FAST_MATH = YES;
				SDKROOT = iphoneos;
				SWIFT_COMPILATION_MODE = wholemodule;
				SWIFT_OPTIMIZATION_LEVEL = "-O";
				VALIDATE_PRODUCT = YES;
			};
			name = Release;
		};
		C962E27C2A0FADAF009CDB2D /* Debug */ = {
			isa = XCBuildConfiguration;
			baseConfigurationReference = 0FA68264E808F5811B4DB829 /* Pods-DemoAppForUserClickMonitor.debug.xcconfig */;
			buildSettings = {
				ASSETCATALOG_COMPILER_APPICON_NAME = AppIcon;
				ASSETCATALOG_COMPILER_GLOBAL_ACCENT_COLOR_NAME = AccentColor;
				CODE_SIGN_STYLE = Automatic;
				CURRENT_PROJECT_VERSION = 1;
				DEVELOPMENT_ASSET_PATHS = "\"DemoAppForUserClickMonitor/Preview Content\"";
				DEVELOPMENT_TEAM = 8G587YVC55;
				ENABLE_PREVIEWS = YES;
				GENERATE_INFOPLIST_FILE = YES;
				INFOPLIST_KEY_UIApplicationSceneManifest_Generation = YES;
				INFOPLIST_KEY_UIApplicationSupportsIndirectInputEvents = YES;
				INFOPLIST_KEY_UILaunchScreen_Generation = YES;
				INFOPLIST_KEY_UISupportedInterfaceOrientations_iPad = "UIInterfaceOrientationPortrait UIInterfaceOrientationPortraitUpsideDown UIInterfaceOrientationLandscapeLeft UIInterfaceOrientationLandscapeRight";
				INFOPLIST_KEY_UISupportedInterfaceOrientations_iPhone = "UIInterfaceOrientationPortrait UIInterfaceOrientationLandscapeLeft UIInterfaceOrientationLandscapeRight";
				IPHONEOS_DEPLOYMENT_TARGET = 14.0;
				LD_RUNPATH_SEARCH_PATHS = (
					"$(inherited)",
					"@executable_path/Frameworks",
				);
				MARKETING_VERSION = 1.0;
				PRODUCT_BUNDLE_IDENTIFIER = khyati.DemoAppForUserClickMonitor;
				PRODUCT_NAME = "$(TARGET_NAME)";
				SWIFT_EMIT_LOC_STRINGS = YES;
				SWIFT_VERSION = 5.0;
				TARGETED_DEVICE_FAMILY = "1,2";
			};
			name = Debug;
		};
		C962E27D2A0FADAF009CDB2D /* Release */ = {
			isa = XCBuildConfiguration;
			baseConfigurationReference = 2843452A6A9A15D20F227903 /* Pods-DemoAppForUserClickMonitor.release.xcconfig */;
			buildSettings = {
				ASSETCATALOG_COMPILER_APPICON_NAME = AppIcon;
				ASSETCATALOG_COMPILER_GLOBAL_ACCENT_COLOR_NAME = AccentColor;
				CODE_SIGN_STYLE = Automatic;
				CURRENT_PROJECT_VERSION = 1;
				DEVELOPMENT_ASSET_PATHS = "\"DemoAppForUserClickMonitor/Preview Content\"";
				DEVELOPMENT_TEAM = 8G587YVC55;
				ENABLE_PREVIEWS = YES;
				GENERATE_INFOPLIST_FILE = YES;
				INFOPLIST_KEY_UIApplicationSceneManifest_Generation = YES;
				INFOPLIST_KEY_UIApplicationSupportsIndirectInputEvents = YES;
				INFOPLIST_KEY_UILaunchScreen_Generation = YES;
				INFOPLIST_KEY_UISupportedInterfaceOrientations_iPad = "UIInterfaceOrientationPortrait UIInterfaceOrientationPortraitUpsideDown UIInterfaceOrientationLandscapeLeft UIInterfaceOrientationLandscapeRight";
				INFOPLIST_KEY_UISupportedInterfaceOrientations_iPhone = "UIInterfaceOrientationPortrait UIInterfaceOrientationLandscapeLeft UIInterfaceOrientationLandscapeRight";
				IPHONEOS_DEPLOYMENT_TARGET = 14.0;
				LD_RUNPATH_SEARCH_PATHS = (
					"$(inherited)",
					"@executable_path/Frameworks",
				);
				MARKETING_VERSION = 1.0;
				PRODUCT_BUNDLE_IDENTIFIER = khyati.DemoAppForUserClickMonitor;
				PRODUCT_NAME = "$(TARGET_NAME)";
				SWIFT_EMIT_LOC_STRINGS = YES;
				SWIFT_VERSION = 5.0;
				TARGETED_DEVICE_FAMILY = "1,2";
			};
			name = Release;
		};
		C962E27F2A0FADAF009CDB2D /* Debug */ = {
			isa = XCBuildConfiguration;
			baseConfigurationReference = 0808E4BF451D6CF82849BD63 /* Pods-DemoAppForUserClickMonitorTests.debug.xcconfig */;
			buildSettings = {
				ALWAYS_EMBED_SWIFT_STANDARD_LIBRARIES = YES;
				BUNDLE_LOADER = "$(TEST_HOST)";
				CODE_SIGN_STYLE = Automatic;
				CURRENT_PROJECT_VERSION = 1;
				DEVELOPMENT_TEAM = 8G587YVC55;
				GENERATE_INFOPLIST_FILE = YES;
				IPHONEOS_DEPLOYMENT_TARGET = 14.0;
				LD_RUNPATH_SEARCH_PATHS = (
					"$(inherited)",
					"@executable_path/Frameworks",
					"@loader_path/Frameworks",
				);
				MARKETING_VERSION = 1.0;
				PRODUCT_BUNDLE_IDENTIFIER = khyati.DemoAppForUserClickMonitorTests;
				PRODUCT_NAME = "$(TARGET_NAME)";
				SWIFT_EMIT_LOC_STRINGS = NO;
				SWIFT_VERSION = 5.0;
				TARGETED_DEVICE_FAMILY = "1,2";
				TEST_HOST = "$(BUILT_PRODUCTS_DIR)/DemoAppForUserClickMonitor.app/DemoAppForUserClickMonitor";
			};
			name = Debug;
		};
		C962E2802A0FADAF009CDB2D /* Release */ = {
			isa = XCBuildConfiguration;
			baseConfigurationReference = C493563C3935C06330EE2058 /* Pods-DemoAppForUserClickMonitorTests.release.xcconfig */;
			buildSettings = {
				ALWAYS_EMBED_SWIFT_STANDARD_LIBRARIES = YES;
				BUNDLE_LOADER = "$(TEST_HOST)";
				CODE_SIGN_STYLE = Automatic;
				CURRENT_PROJECT_VERSION = 1;
				DEVELOPMENT_TEAM = 8G587YVC55;
				GENERATE_INFOPLIST_FILE = YES;
				IPHONEOS_DEPLOYMENT_TARGET = 14.0;
				LD_RUNPATH_SEARCH_PATHS = (
					"$(inherited)",
					"@executable_path/Frameworks",
					"@loader_path/Frameworks",
				);
				MARKETING_VERSION = 1.0;
				PRODUCT_BUNDLE_IDENTIFIER = khyati.DemoAppForUserClickMonitorTests;
				PRODUCT_NAME = "$(TARGET_NAME)";
				SWIFT_EMIT_LOC_STRINGS = NO;
				SWIFT_VERSION = 5.0;
				TARGETED_DEVICE_FAMILY = "1,2";
				TEST_HOST = "$(BUILT_PRODUCTS_DIR)/DemoAppForUserClickMonitor.app/DemoAppForUserClickMonitor";
			};
			name = Release;
		};
		C962E2822A0FADAF009CDB2D /* Debug */ = {
			isa = XCBuildConfiguration;
			baseConfigurationReference = 287409C6086D93D18215B2C7 /* Pods-DemoAppForUserClickMonitor-DemoAppForUserClickMonitorUITests.debug.xcconfig */;
			buildSettings = {
				ALWAYS_EMBED_SWIFT_STANDARD_LIBRARIES = YES;
				CODE_SIGN_STYLE = Automatic;
				CURRENT_PROJECT_VERSION = 1;
				DEVELOPMENT_TEAM = 8G587YVC55;
				GENERATE_INFOPLIST_FILE = YES;
				LD_RUNPATH_SEARCH_PATHS = (
					"$(inherited)",
					"@executable_path/Frameworks",
					"@loader_path/Frameworks",
				);
				MARKETING_VERSION = 1.0;
				PRODUCT_BUNDLE_IDENTIFIER = khyati.DemoAppForUserClickMonitorUITests;
				PRODUCT_NAME = "$(TARGET_NAME)";
				SWIFT_EMIT_LOC_STRINGS = NO;
				SWIFT_VERSION = 5.0;
				TARGETED_DEVICE_FAMILY = "1,2";
				TEST_TARGET_NAME = DemoAppForUserClickMonitor;
			};
			name = Debug;
		};
		C962E2832A0FADAF009CDB2D /* Release */ = {
			isa = XCBuildConfiguration;
			baseConfigurationReference = F1CF0B917D26901BC37C7C0D /* Pods-DemoAppForUserClickMonitor-DemoAppForUserClickMonitorUITests.release.xcconfig */;
			buildSettings = {
				ALWAYS_EMBED_SWIFT_STANDARD_LIBRARIES = YES;
				CODE_SIGN_STYLE = Automatic;
				CURRENT_PROJECT_VERSION = 1;
				DEVELOPMENT_TEAM = 8G587YVC55;
				GENERATE_INFOPLIST_FILE = YES;
				LD_RUNPATH_SEARCH_PATHS = (
					"$(inherited)",
					"@executable_path/Frameworks",
					"@loader_path/Frameworks",
				);
				MARKETING_VERSION = 1.0;
				PRODUCT_BUNDLE_IDENTIFIER = khyati.DemoAppForUserClickMonitorUITests;
				PRODUCT_NAME = "$(TARGET_NAME)";
				SWIFT_EMIT_LOC_STRINGS = NO;
				SWIFT_VERSION = 5.0;
				TARGETED_DEVICE_FAMILY = "1,2";
				TEST_TARGET_NAME = DemoAppForUserClickMonitor;
			};
			name = Release;
		};
/* End XCBuildConfiguration section */

/* Begin XCConfigurationList section */
		C962E2522A0FADAB009CDB2D /* Build configuration list for PBXProject "DemoAppForUserClickMonitor" */ = {
			isa = XCConfigurationList;
			buildConfigurations = (
				C962E2792A0FADAF009CDB2D /* Debug */,
				C962E27A2A0FADAF009CDB2D /* Release */,
			);
			defaultConfigurationIsVisible = 0;
			defaultConfigurationName = Release;
		};
		C962E27B2A0FADAF009CDB2D /* Build configuration list for PBXNativeTarget "DemoAppForUserClickMonitor" */ = {
			isa = XCConfigurationList;
			buildConfigurations = (
				C962E27C2A0FADAF009CDB2D /* Debug */,
				C962E27D2A0FADAF009CDB2D /* Release */,
			);
			defaultConfigurationIsVisible = 0;
			defaultConfigurationName = Release;
		};
		C962E27E2A0FADAF009CDB2D /* Build configuration list for PBXNativeTarget "DemoAppForUserClickMonitorTests" */ = {
			isa = XCConfigurationList;
			buildConfigurations = (
				C962E27F2A0FADAF009CDB2D /* Debug */,
				C962E2802A0FADAF009CDB2D /* Release */,
			);
			defaultConfigurationIsVisible = 0;
			defaultConfigurationName = Release;
		};
		C962E2812A0FADAF009CDB2D /* Build configuration list for PBXNativeTarget "DemoAppForUserClickMonitorUITests" */ = {
			isa = XCConfigurationList;
			buildConfigurations = (
				C962E2822A0FADAF009CDB2D /* Debug */,
				C962E2832A0FADAF009CDB2D /* Release */,
			);
			defaultConfigurationIsVisible = 0;
			defaultConfigurationName = Release;
		};
/* End XCConfigurationList section */
	};
	rootObject = C962E24F2A0FADAB009CDB2D /* Project object */;
}
